
Microsoft Visual Studio Solution File, Format Version 12.00
# Visual Studio Version 16
VisualStudioVersion = 16.0.29709.97
MinimumVisualStudioVersion = 10.0.40219.1
Project("{FAE04EC0-301F-11D3-BF4B-00C04F79EFBC}") = "Project-NickIlkic", "Project-NickIlkic\Project-NickIlkic.csproj", "{F548B43D-26C2-485E-ADF7-B29F6C455257}"
EndProject
Global
	GlobalSection(SolutionConfigurationPlatforms) = preSolution
		Debug|Any CPU = Debug|Any CPU
		Release|Any CPU = Release|Any CPU
	EndGlobalSection
	GlobalSection(ProjectConfigurationPlatforms) = postSolution
		{F548B43D-26C2-485E-ADF7-B29F6C455257}.Debug|Any CPU.ActiveCfg = Debug|Any CPU
		{F548B43D-26C2-485E-ADF7-B29F6C455257}.Debug|Any CPU.Build.0 = Debug|Any CPU
		{F548B43D-26C2-485E-ADF7-B29F6C455257}.Release|Any CPU.ActiveCfg = Release|Any CPU
		{F548B43D-26C2-485E-ADF7-B29F6C455257}.Release|Any CPU.Build.0 = Release|Any CPU
	EndGlobalSection
	GlobalSection(SolutionProperties) = preSolution
		HideSolutionNode = FALSE
	EndGlobalSection
	GlobalSection(ExtensibilityGlobals) = postSolution
		SolutionGuid = {992ED300-0C7A-4ED4-8CAD-9531EB3351F4}
	EndGlobalSection
EndGlobal
